
Microsoft Visual Studio Solution File, Format Version 12.00
Project("{FAE04EC0-301F-11D3-BF4B-00C04F79EFBC}") = "NSU.Worm", "NSU.Worm\NSU.Worm.csproj", "{297A6A0E-5F4E-4E15-BABC-39DFAE692DDA}"
EndProject
Project("{FAE04EC0-301F-11D3-BF4B-00C04F79EFBC}") = "NSU.Worm.Tests", "NSU.Worm.Tests\NSU.Worm.Tests.csproj", "{4F9C3BD2-3401-4439-AB22-DBDC0A9D75FA}"
EndProject
Global
	GlobalSection(SolutionConfigurationPlatforms) = preSolution
		Debug|Any CPU = Debug|Any CPU
		Release|Any CPU = Release|Any CPU
	EndGlobalSection
	GlobalSection(ProjectConfigurationPlatforms) = postSolution
		{297A6A0E-5F4E-4E15-BABC-39DFAE692DDA}.Debug|Any CPU.ActiveCfg = Debug|Any CPU
		{297A6A0E-5F4E-4E15-BABC-39DFAE692DDA}.Debug|Any CPU.Build.0 = Debug|Any CPU
		{297A6A0E-5F4E-4E15-BABC-39DFAE692DDA}.Release|Any CPU.ActiveCfg = Release|Any CPU
		{297A6A0E-5F4E-4E15-BABC-39DFAE692DDA}.Release|Any CPU.Build.0 = Release|Any CPU
		{4F9C3BD2-3401-4439-AB22-DBDC0A9D75FA}.Debug|Any CPU.ActiveCfg = Debug|Any CPU
		{4F9C3BD2-3401-4439-AB22-DBDC0A9D75FA}.Debug|Any CPU.Build.0 = Debug|Any CPU
		{4F9C3BD2-3401-4439-AB22-DBDC0A9D75FA}.Release|Any CPU.ActiveCfg = Release|Any CPU
		{4F9C3BD2-3401-4439-AB22-DBDC0A9D75FA}.Release|Any CPU.Build.0 = Release|Any CPU
	EndGlobalSection
EndGlobal
